{
  "name": "TodoList",
  "lockfileVersion": 3,
  "requires": true,
  "packages": {
    "": {
      "dependencies": {
        "@fortawesome/fontawesome-pro": "^6.4.2",
        "dotenv": "^16.3.1"
      }
    },
    "node_modules/@fortawesome/fontawesome-pro": {
      "version": "6.4.2",
      "resolved": "https://npm.fontawesome.com/@fortawesome/fontawesome-pro/-/6.4.2/fontawesome-pro-6.4.2.tgz",
      "integrity": "sha512-b7VtzrgoASuCbnWJ1A17Sw3wemaFGukyBk0Y2ks/rgcnhlJ1uzdyv2uM3QbEaq9OgyZAKGJD1Tli6qHRI68zSQ==",
      "engines": {
        "node": ">=6"
      }
    },
    "node_modules/dotenv": {
      "version": "16.3.1",
      "resolved": "https://registry.npmjs.org/dotenv/-/dotenv-16.3.1.tgz",
      "integrity": "sha512-IPzF4w4/Rd94bA9imS68tZBaYyBWSCE47V1RGuMrB94iyTOIEwRmVL2x/4An+6mETpLrKJ5hQkB8W4kFAadeIQ==",
      "engines": {
        "node": ">=12"
      },
      "funding": {
        "url": "https://github.com/motdotla/dotenv?sponsor=1"
      }
    }
  }
}
